{
  "name": "miniprogram-ts-less-quickstart",
  "version": "1.0.0",
  "lockfileVersion": 2,
  "requires": true,
  "packages": {
    "": {
      "name": "miniprogram-ts-less-quickstart",
      "version": "1.0.0",
      "dependencies": {
        "@vant/weapp": "^1.10.7",
        "tsrpc-base-client": "^2.1.10",
        "tsrpc-miniapp": "^3.4.8"
      },
      "devDependencies": {
        "miniprogram-api-typings": "^2.8.3-1"
      }
    },
    "node_modules/@vant/weapp": {
      "version": "1.10.7",
      "license": "MIT"
    },
    "node_modules/k8w-extend-native": {
      "version": "1.4.6",
      "license": "Apache-2.0",
      "dependencies": {
        "k8w-linq-array": "*",
        "k8w-super-date": "*",
        "k8w-super-object": "*"
      }
    },
    "node_modules/k8w-linq-array": {
      "version": "0.2.8",
      "license": "Apache-2.0"
    },
    "node_modules/k8w-super-date": {
      "version": "0.1.3",
      "license": "Apache-2.0"
    },
    "node_modules/k8w-super-object": {
      "version": "0.3.0",
      "license": "Apache-2.0"
    },
    "node_modules/miniprogram-api-typings": {
      "version": "2.12.0",
      "dev": true,
      "license": "MIT"
    },
    "node_modules/tsbuffer": {
      "version": "2.2.6",
      "license": "MIT",
      "dependencies": {
        "k8w-extend-native": "^1.4.6",
        "tsbuffer-validator": "^2.1.1",
        "tslib": "*"
      }
    },
    "node_modules/tsbuffer-schema": {
      "version": "2.2.0",
      "license": "MIT"
    },
    "node_modules/tsbuffer-validator": {
      "version": "2.1.1",
      "license": "MIT",
      "dependencies": {
        "k8w-extend-native": "^1.4.6",
        "tsbuffer-schema": "^2.2.0",
        "tslib": "*"
      }
    },
    "node_modules/tslib": {
      "version": "2.4.1",
      "license": "0BSD"
    },
    "node_modules/tsrpc-base-client": {
      "version": "2.1.10",
      "license": "MIT",
      "dependencies": {
        "k8w-extend-native": "^1.4.6",
        "tsbuffer": "^2.2.6",
        "tslib": "*",
        "tsrpc-proto": "^1.4.3"
      }
    },
    "node_modules/tsrpc-miniapp": {
      "version": "3.4.8",
      "license": "MIT",
      "dependencies": {
        "tsrpc-base-client": "^2.1.10"
      }
    },
    "node_modules/tsrpc-proto": {
      "version": "1.4.3",
      "license": "MIT",
      "dependencies": {
        "tsbuffer-schema": "^2.2.0",
        "tslib": "*"
      }
    }
  },
  "dependencies": {
    "@vant/weapp": {
      "version": "1.10.7"
    },
    "k8w-extend-native": {
      "version": "1.4.6",
      "requires": {
        "k8w-linq-array": "*",
        "k8w-super-date": "*",
        "k8w-super-object": "*"
      }
    },
    "k8w-linq-array": {
      "version": "0.2.8"
    },
    "k8w-super-date": {
      "version": "0.1.3"
    },
    "k8w-super-object": {
      "version": "0.3.0"
    },
    "miniprogram-api-typings": {
      "version": "2.12.0",
      "dev": true
    },
    "tsbuffer": {
      "version": "2.2.6",
      "requires": {
        "k8w-extend-native": "^1.4.6",
        "tsbuffer-validator": "^2.1.1",
        "tslib": "*"
      }
    },
    "tsbuffer-schema": {
      "version": "2.2.0"
    },
    "tsbuffer-validator": {
      "version": "2.1.1",
      "requires": {
        "k8w-extend-native": "^1.4.6",
        "tsbuffer-schema": "^2.2.0",
        "tslib": "*"
      }
    },
    "tslib": {
      "version": "2.4.1"
    },
    "tsrpc-base-client": {
      "version": "2.1.10",
      "requires": {
        "k8w-extend-native": "^1.4.6",
        "tsbuffer": "^2.2.6",
        "tslib": "*",
        "tsrpc-proto": "^1.4.3"
      }
    },
    "tsrpc-miniapp": {
      "version": "3.4.8",
      "requires": {
        "tsrpc-base-client": "^2.1.10"
      }
    },
    "tsrpc-proto": {
      "version": "1.4.3",
      "requires": {
        "tsbuffer-schema": "^2.2.0",
        "tslib": "*"
      }
    }
  }
}
