{
  "name": "miniprogram-ts-less-quickstart",
  "version": "1.0.0",
  "lockfileVersion": 2,
  "requires": true,
  "packages": {
    "": {
      "name": "miniprogram-ts-less-quickstart",
      "version": "1.0.0",
      "dependencies": {
        "tsrpc-miniapp": "^3.4.8"
      },
      "devDependencies": {
        "miniprogram-api-typings": "^2.8.3-1"
      }
    },
    "node_modules/k8w-extend-native": {
      "version": "1.4.6",
      "resolved": "https://registry.npmjs.org/k8w-extend-native/-/k8w-extend-native-1.4.6.tgz",
      "integrity": "sha512-AHTCyFshldMme0s9FKD+QKG+QZdBkHXzl+8kYfNhsSDhcdQ5TYWQwphjecSJjxNdGd78TIbO0fHiOvM+Ei22YA==",
      "dependencies": {
        "k8w-linq-array": "*",
        "k8w-super-date": "*",
        "k8w-super-object": "*"
      }
    },
    "node_modules/k8w-linq-array": {
      "version": "0.2.8",
      "resolved": "https://registry.npmjs.org/k8w-linq-array/-/k8w-linq-array-0.2.8.tgz",
      "integrity": "sha512-4IAkQN8UJdk804tQi++wuwSZvFWk/Wcl1uG5PR/0c0YvB5hUd2f8tJm3OgOMOxjV9UVByNLvnPYGIwrFQPpjlA=="
    },
    "node_modules/k8w-super-date": {
      "version": "0.1.3",
      "resolved": "https://registry.npmjs.org/k8w-super-date/-/k8w-super-date-0.1.3.tgz",
      "integrity": "sha512-IBqKOAMAXR/bgzu+rYI30tEMP/Y6Q8HQuqJiTkE2mLJg11yok9guoi8uZTynTahviVBndcfBpOgi1H/zhihv7w=="
    },
    "node_modules/k8w-super-object": {
      "version": "0.3.0",
      "resolved": "https://registry.npmjs.org/k8w-super-object/-/k8w-super-object-0.3.0.tgz",
      "integrity": "sha512-u2jfh4goYXKZmSucaLaOTaNbLRatjv0CSRpzE0KU0732+9XtYZFd5vrdw/mzJfK5fPHb/zyikOSHDX5mJrav+g=="
    },
    "node_modules/miniprogram-api-typings": {
      "version": "2.12.0",
      "resolved": "https://registry.npmjs.org/miniprogram-api-typings/-/miniprogram-api-typings-2.12.0.tgz",
      "integrity": "sha512-ibvbqeslVFur0IAvTxLMvsbtvVcMo6gwvOnj0YZHV7aeDLu091VQRrETT2QuiG9P6aZWRcxeNGJChRKVPCp9VQ==",
      "dev": true
    },
    "node_modules/tsbuffer": {
      "version": "2.2.6",
      "resolved": "https://registry.npmjs.org/tsbuffer/-/tsbuffer-2.2.6.tgz",
      "integrity": "sha512-6kdiUloCXWjQh7gUYxVA1AqkwGXhX1CpRpS7YjfB7C4yxqj4oI4uGsO9vZhQMddG+UFo4TJiy7Wf76/sGz8Xvg==",
      "dependencies": {
        "k8w-extend-native": "^1.4.6",
        "tsbuffer-validator": "^2.1.1",
        "tslib": "*"
      }
    },
    "node_modules/tsbuffer-schema": {
      "version": "2.2.0",
      "resolved": "https://registry.npmjs.org/tsbuffer-schema/-/tsbuffer-schema-2.2.0.tgz",
      "integrity": "sha512-I4+5Xfk7G+D++kXdNnYTeY26WQTaf14C84XQwPKteNmrwxRY3CQCkMqASRiCUqtpOuDn43qmoxuXpT+Vo8Wltg=="
    },
    "node_modules/tsbuffer-validator": {
      "version": "2.1.1",
      "resolved": "https://registry.npmjs.org/tsbuffer-validator/-/tsbuffer-validator-2.1.1.tgz",
      "integrity": "sha512-12JVltPQjv2hZqfd9TZhTjCyQ0bvtRlTXyczOAaH+CnryWI9Twt0i9ZGaM5fb2QMxW5BOhToOIbwO8opDqpCEg==",
      "dependencies": {
        "k8w-extend-native": "^1.4.6",
        "tsbuffer-schema": "^2.2.0",
        "tslib": "*"
      }
    },
    "node_modules/tslib": {
      "version": "2.4.1",
      "resolved": "https://registry.npmjs.org/tslib/-/tslib-2.4.1.tgz",
      "integrity": "sha512-tGyy4dAjRIEwI7BzsB0lynWgOpfqjUdq91XXAlIWD2OwKBH7oCl/GZG/HT4BOHrTlPMOASlMQ7veyTqpmRcrNA=="
    },
    "node_modules/tsrpc-base-client": {
      "version": "2.1.10",
      "resolved": "https://registry.npmjs.org/tsrpc-base-client/-/tsrpc-base-client-2.1.10.tgz",
      "integrity": "sha512-R7epPY3uq0jKkduNbSihtz7YtOlpfyHeW2cB7/C6xeSPp1jop5aIknXDjS2qQwhkYncakQF9rEITTCA83W+R8A==",
      "dependencies": {
        "k8w-extend-native": "^1.4.6",
        "tsbuffer": "^2.2.6",
        "tslib": "*",
        "tsrpc-proto": "^1.4.3"
      }
    },
    "node_modules/tsrpc-miniapp": {
      "version": "3.4.8",
      "resolved": "https://registry.npmjs.org/tsrpc-miniapp/-/tsrpc-miniapp-3.4.8.tgz",
      "integrity": "sha512-vYFQCPP3dGsurEZyFqcVE69IKLa/qJyHuUf/yb8+q4HScOmwIw0+CQVUaX9kIbB1f6LHNqKiadlLvkhegR38wQ==",
      "dependencies": {
        "tsrpc-base-client": "^2.1.10"
      }
    },
    "node_modules/tsrpc-proto": {
      "version": "1.4.3",
      "resolved": "https://registry.npmjs.org/tsrpc-proto/-/tsrpc-proto-1.4.3.tgz",
      "integrity": "sha512-qtkk5i34m9/K1258EdyXAEikU/ADPELHCCXN/oFJ4XwH+kN3kXnKYmwCDblUuMA73V2+A/EwkgUGyAgPa335Hw==",
      "dependencies": {
        "tsbuffer-schema": "^2.2.0",
        "tslib": "*"
      }
    }
  },
  "dependencies": {
    "k8w-extend-native": {
      "version": "1.4.6",
      "resolved": "https://registry.npmjs.org/k8w-extend-native/-/k8w-extend-native-1.4.6.tgz",
      "integrity": "sha512-AHTCyFshldMme0s9FKD+QKG+QZdBkHXzl+8kYfNhsSDhcdQ5TYWQwphjecSJjxNdGd78TIbO0fHiOvM+Ei22YA==",
      "requires": {
        "k8w-linq-array": "*",
        "k8w-super-date": "*",
        "k8w-super-object": "*"
      }
    },
    "k8w-linq-array": {
      "version": "0.2.8",
      "resolved": "https://registry.npmjs.org/k8w-linq-array/-/k8w-linq-array-0.2.8.tgz",
      "integrity": "sha512-4IAkQN8UJdk804tQi++wuwSZvFWk/Wcl1uG5PR/0c0YvB5hUd2f8tJm3OgOMOxjV9UVByNLvnPYGIwrFQPpjlA=="
    },
    "k8w-super-date": {
      "version": "0.1.3",
      "resolved": "https://registry.npmjs.org/k8w-super-date/-/k8w-super-date-0.1.3.tgz",
      "integrity": "sha512-IBqKOAMAXR/bgzu+rYI30tEMP/Y6Q8HQuqJiTkE2mLJg11yok9guoi8uZTynTahviVBndcfBpOgi1H/zhihv7w=="
    },
    "k8w-super-object": {
      "version": "0.3.0",
      "resolved": "https://registry.npmjs.org/k8w-super-object/-/k8w-super-object-0.3.0.tgz",
      "integrity": "sha512-u2jfh4goYXKZmSucaLaOTaNbLRatjv0CSRpzE0KU0732+9XtYZFd5vrdw/mzJfK5fPHb/zyikOSHDX5mJrav+g=="
    },
    "miniprogram-api-typings": {
      "version": "2.12.0",
      "resolved": "https://registry.npmjs.org/miniprogram-api-typings/-/miniprogram-api-typings-2.12.0.tgz",
      "integrity": "sha512-ibvbqeslVFur0IAvTxLMvsbtvVcMo6gwvOnj0YZHV7aeDLu091VQRrETT2QuiG9P6aZWRcxeNGJChRKVPCp9VQ==",
      "dev": true
    },
    "tsbuffer": {
      "version": "2.2.6",
      "resolved": "https://registry.npmjs.org/tsbuffer/-/tsbuffer-2.2.6.tgz",
      "integrity": "sha512-6kdiUloCXWjQh7gUYxVA1AqkwGXhX1CpRpS7YjfB7C4yxqj4oI4uGsO9vZhQMddG+UFo4TJiy7Wf76/sGz8Xvg==",
      "requires": {
        "k8w-extend-native": "^1.4.6",
        "tsbuffer-validator": "^2.1.1",
        "tslib": "*"
      }
    },
    "tsbuffer-schema": {
      "version": "2.2.0",
      "resolved": "https://registry.npmjs.org/tsbuffer-schema/-/tsbuffer-schema-2.2.0.tgz",
      "integrity": "sha512-I4+5Xfk7G+D++kXdNnYTeY26WQTaf14C84XQwPKteNmrwxRY3CQCkMqASRiCUqtpOuDn43qmoxuXpT+Vo8Wltg=="
    },
    "tsbuffer-validator": {
      "version": "2.1.1",
      "resolved": "https://registry.npmjs.org/tsbuffer-validator/-/tsbuffer-validator-2.1.1.tgz",
      "integrity": "sha512-12JVltPQjv2hZqfd9TZhTjCyQ0bvtRlTXyczOAaH+CnryWI9Twt0i9ZGaM5fb2QMxW5BOhToOIbwO8opDqpCEg==",
      "requires": {
        "k8w-extend-native": "^1.4.6",
        "tsbuffer-schema": "^2.2.0",
        "tslib": "*"
      }
    },
    "tslib": {
      "version": "2.4.1",
      "resolved": "https://registry.npmjs.org/tslib/-/tslib-2.4.1.tgz",
      "integrity": "sha512-tGyy4dAjRIEwI7BzsB0lynWgOpfqjUdq91XXAlIWD2OwKBH7oCl/GZG/HT4BOHrTlPMOASlMQ7veyTqpmRcrNA=="
    },
    "tsrpc-base-client": {
      "version": "2.1.10",
      "resolved": "https://registry.npmjs.org/tsrpc-base-client/-/tsrpc-base-client-2.1.10.tgz",
      "integrity": "sha512-R7epPY3uq0jKkduNbSihtz7YtOlpfyHeW2cB7/C6xeSPp1jop5aIknXDjS2qQwhkYncakQF9rEITTCA83W+R8A==",
      "requires": {
        "k8w-extend-native": "^1.4.6",
        "tsbuffer": "^2.2.6",
        "tslib": "*",
        "tsrpc-proto": "^1.4.3"
      }
    },
    "tsrpc-miniapp": {
      "version": "3.4.8",
      "resolved": "https://registry.npmjs.org/tsrpc-miniapp/-/tsrpc-miniapp-3.4.8.tgz",
      "integrity": "sha512-vYFQCPP3dGsurEZyFqcVE69IKLa/qJyHuUf/yb8+q4HScOmwIw0+CQVUaX9kIbB1f6LHNqKiadlLvkhegR38wQ==",
      "requires": {
        "tsrpc-base-client": "^2.1.10"
      }
    },
    "tsrpc-proto": {
      "version": "1.4.3",
      "resolved": "https://registry.npmjs.org/tsrpc-proto/-/tsrpc-proto-1.4.3.tgz",
      "integrity": "sha512-qtkk5i34m9/K1258EdyXAEikU/ADPELHCCXN/oFJ4XwH+kN3kXnKYmwCDblUuMA73V2+A/EwkgUGyAgPa335Hw==",
      "requires": {
        "tsbuffer-schema": "^2.2.0",
        "tslib": "*"
      }
    }
  }
}
